
Microsoft Visual Studio Solution File, Format Version 12.00
# Visual Studio Version 16
VisualStudioVersion = 16.0.30804.86
MinimumVisualStudioVersion = 10.0.40219.1
Project("{FAE04EC0-301F-11D3-BF4B-00C04F79EFBC}") = "JenkinsApp", "JenkinsApp\JenkinsApp.csproj", "{83129450-8B44-450A-80DA-A0587B316F88}"
EndProject
Global
	GlobalSection(SolutionConfigurationPlatforms) = preSolution
		Debug|Any CPU = Debug|Any CPU
		Release|Any CPU = Release|Any CPU
	EndGlobalSection
	GlobalSection(ProjectConfigurationPlatforms) = postSolution
		{83129450-8B44-450A-80DA-A0587B316F88}.Debug|Any CPU.ActiveCfg = Debug|Any CPU
		{83129450-8B44-450A-80DA-A0587B316F88}.Debug|Any CPU.Build.0 = Debug|Any CPU
		{83129450-8B44-450A-80DA-A0587B316F88}.Release|Any CPU.ActiveCfg = Release|Any CPU
		{83129450-8B44-450A-80DA-A0587B316F88}.Release|Any CPU.Build.0 = Release|Any CPU
	EndGlobalSection
	GlobalSection(SolutionProperties) = preSolution
		HideSolutionNode = FALSE
	EndGlobalSection
	GlobalSection(ExtensibilityGlobals) = postSolution
		SolutionGuid = {ABA8E8EF-B29E-4261-B1C1-AF197A612D84}
	EndGlobalSection
EndGlobal
